
Microsoft Visual Studio Solution File, Format Version 12.00
# Visual Studio 15
VisualStudioVersion = 15.0.28010.2016
MinimumVisualStudioVersion = 10.0.40219.1
Project("{FAE04EC0-301F-11D3-BF4B-00C04F79EFBC}") = "iHuaban.Core", "iHuaban.Core\iHuaban.Core.csproj", "{9AEC12D5-AFDA-4E9E-ACAE-708179B2B260}"
EndProject
Project("{FAE04EC0-301F-11D3-BF4B-00C04F79EFBC}") = "iHuaban.App", "iHuaban.App\iHuaban.App.csproj", "{EBBC3CEE-CF70-4072-B954-6FDE07D446BE}"
EndProject
Global
	GlobalSection(SolutionConfigurationPlatforms) = preSolution
		Debug|Any CPU = Debug|Any CPU
		Debug|ARM = Debug|ARM
		Debug|x64 = Debug|x64
		Debug|x86 = Debug|x86
		Release|Any CPU = Release|Any CPU
		Release|ARM = Release|ARM
		Release|x64 = Release|x64
		Release|x86 = Release|x86
	EndGlobalSection
	GlobalSection(ProjectConfigurationPlatforms) = postSolution
		{9AEC12D5-AFDA-4E9E-ACAE-708179B2B260}.Debug|Any CPU.ActiveCfg = Debug|Any CPU
		{9AEC12D5-AFDA-4E9E-ACAE-708179B2B260}.Debug|Any CPU.Build.0 = Debug|Any CPU
		{9AEC12D5-AFDA-4E9E-ACAE-708179B2B260}.Debug|ARM.ActiveCfg = Debug|ARM
		{9AEC12D5-AFDA-4E9E-ACAE-708179B2B260}.Debug|ARM.Build.0 = Debug|ARM
		{9AEC12D5-AFDA-4E9E-ACAE-708179B2B260}.Debug|x64.ActiveCfg = Debug|x64
		{9AEC12D5-AFDA-4E9E-ACAE-708179B2B260}.Debug|x64.Build.0 = Debug|x64
		{9AEC12D5-AFDA-4E9E-ACAE-708179B2B260}.Debug|x86.ActiveCfg = Debug|x86
		{9AEC12D5-AFDA-4E9E-ACAE-708179B2B260}.Debug|x86.Build.0 = Debug|x86
		{9AEC12D5-AFDA-4E9E-ACAE-708179B2B260}.Release|Any CPU.ActiveCfg = Release|Any CPU
		{9AEC12D5-AFDA-4E9E-ACAE-708179B2B260}.Release|Any CPU.Build.0 = Release|Any CPU
		{9AEC12D5-AFDA-4E9E-ACAE-708179B2B260}.Release|ARM.ActiveCfg = Release|ARM
		{9AEC12D5-AFDA-4E9E-ACAE-708179B2B260}.Release|ARM.Build.0 = Release|ARM
		{9AEC12D5-AFDA-4E9E-ACAE-708179B2B260}.Release|x64.ActiveCfg = Release|x64
		{9AEC12D5-AFDA-4E9E-ACAE-708179B2B260}.Release|x64.Build.0 = Release|x64
		{9AEC12D5-AFDA-4E9E-ACAE-708179B2B260}.Release|x86.ActiveCfg = Release|x86
		{9AEC12D5-AFDA-4E9E-ACAE-708179B2B260}.Release|x86.Build.0 = Release|x86
		{EBBC3CEE-CF70-4072-B954-6FDE07D446BE}.Debug|Any CPU.ActiveCfg = Debug|x86
		{EBBC3CEE-CF70-4072-B954-6FDE07D446BE}.Debug|ARM.ActiveCfg = Debug|ARM
		{EBBC3CEE-CF70-4072-B954-6FDE07D446BE}.Debug|ARM.Build.0 = Debug|ARM
		{EBBC3CEE-CF70-4072-B954-6FDE07D446BE}.Debug|ARM.Deploy.0 = Debug|ARM
		{EBBC3CEE-CF70-4072-B954-6FDE07D446BE}.Debug|x64.ActiveCfg = Debug|x64
		{EBBC3CEE-CF70-4072-B954-6FDE07D446BE}.Debug|x64.Build.0 = Debug|x64
		{EBBC3CEE-CF70-4072-B954-6FDE07D446BE}.Debug|x64.Deploy.0 = Debug|x64
		{EBBC3CEE-CF70-4072-B954-6FDE07D446BE}.Debug|x86.ActiveCfg = Debug|x86
		{EBBC3CEE-CF70-4072-B954-6FDE07D446BE}.Debug|x86.Build.0 = Debug|x86
		{EBBC3CEE-CF70-4072-B954-6FDE07D446BE}.Debug|x86.Deploy.0 = Debug|x86
		{EBBC3CEE-CF70-4072-B954-6FDE07D446BE}.Release|Any CPU.ActiveCfg = Release|x86
		{EBBC3CEE-CF70-4072-B954-6FDE07D446BE}.Release|ARM.ActiveCfg = Release|ARM
		{EBBC3CEE-CF70-4072-B954-6FDE07D446BE}.Release|ARM.Build.0 = Release|ARM
		{EBBC3CEE-CF70-4072-B954-6FDE07D446BE}.Release|ARM.Deploy.0 = Release|ARM
		{EBBC3CEE-CF70-4072-B954-6FDE07D446BE}.Release|x64.ActiveCfg = Release|x64
		{EBBC3CEE-CF70-4072-B954-6FDE07D446BE}.Release|x64.Build.0 = Release|x64
		{EBBC3CEE-CF70-4072-B954-6FDE07D446BE}.Release|x64.Deploy.0 = Release|x64
		{EBBC3CEE-CF70-4072-B954-6FDE07D446BE}.Release|x86.ActiveCfg = Release|x86
		{EBBC3CEE-CF70-4072-B954-6FDE07D446BE}.Release|x86.Build.0 = Release|x86
		{EBBC3CEE-CF70-4072-B954-6FDE07D446BE}.Release|x86.Deploy.0 = Release|x86
	EndGlobalSection
	GlobalSection(SolutionProperties) = preSolution
		HideSolutionNode = FALSE
	EndGlobalSection
	GlobalSection(ExtensibilityGlobals) = postSolution
		SolutionGuid = {4FE196A5-A567-4AAF-ACB1-95ED0F8AA41A}
	EndGlobalSection
EndGlobal
